
Microsoft Visual Studio Solution File, Format Version 12.00
# Visual Studio 15
VisualStudioVersion = 15.0.28307.705
MinimumVisualStudioVersion = 10.0.40219.1
Project("{2150E333-8FDC-42A3-9474-1A3956D46DE8}") = "librarys", "librarys", "{6D21FEB6-82DA-4BED-9518-F6D9B4696852}"
	ProjectSection(SolutionItems) = preProject
		librarys\declspecBase.hpp = librarys\declspecBase.hpp
	EndProjectSection
EndProject
Project("{2150E333-8FDC-42A3-9474-1A3956D46DE8}") = "Ui", "Ui", "{8BD0ADFC-198C-4AF8-98CB-C2FD399B36B3}"
EndProject
Project("{2150E333-8FDC-42A3-9474-1A3956D46DE8}") = "UiBase", "UiBase", "{49B569D7-66CD-4093-9464-1CC679654170}"
EndProject
Project("{2150E333-8FDC-42A3-9474-1A3956D46DE8}") = "PyBase", "PyBase", "{3B366787-F95C-49D8-990D-F1C5905DC35E}"
EndProject
Project("{2150E333-8FDC-42A3-9474-1A3956D46DE8}") = "FuncBase", "FuncBase", "{34FCF66A-83F5-4CAD-9F4E-DF59D6588D42}"
EndProject
Project("{8BC9CEB8-8B4A-11D0-8D11-00A0C91BC942}") = "AutomationTool", "src\AutomationTool\AutomationTool.vcxproj", "{C220807B-8E07-431C-A473-DE4CDF6A2E51}"
EndProject
Project("{8BC9CEB8-8B4A-11D0-8D11-00A0C91BC942}") = "BaseWidgetFormQt", "librarys\UiBase\BaseWidgetFormQt\BaseWidgetFormQt.vcxproj", "{DDF3FD43-CE6D-4AE4-B54F-D3BA2C36B709}"
EndProject
Project("{8BC9CEB8-8B4A-11D0-8D11-00A0C91BC942}") = "UiMain", "src\Ui\UiMain\UiMain.vcxproj", "{C151BDC5-F3B4-45D1-A56F-2AA315A6460C}"
EndProject
Project("{8BC9CEB8-8B4A-11D0-8D11-00A0C91BC942}") = "BaseQmlFromQt", "librarys\UiBase\BaseQmlFromQt\BaseQmlFromQt.vcxproj", "{12FB2316-FF39-4E03-8366-A7E2D05062D5}"
EndProject
Project("{2150E333-8FDC-42A3-9474-1A3956D46DE8}") = "UiEvent", "UiEvent", "{71B50901-6671-4ED7-8820-4089CB7C7A98}"
EndProject
Project("{8BC9CEB8-8B4A-11D0-8D11-00A0C91BC942}") = "UiEvent", "librarys\UiEvent\UiEvent.vcxproj", "{C5603002-7084-4F40-BF83-2ABA4F3686F5}"
EndProject
Project("{2150E333-8FDC-42A3-9474-1A3956D46DE8}") = "UiComponent", "UiComponent", "{190A8FC8-65A3-4A06-BE76-AB709D56A0FD}"
EndProject
Project("{8BC9CEB8-8B4A-11D0-8D11-00A0C91BC942}") = "LoginDialog", "src\UiComponent\LoginDialog\LoginDialog.vcxproj", "{6C06E6F7-7EC9-4989-9DB3-B33ABEF159FA}"
EndProject
Project("{2150E333-8FDC-42A3-9474-1A3956D46DE8}") = "UnClassify", "UnClassify", "{B22706C7-693A-45D6-BBC9-7812E3827E19}"
	ProjectSection(SolutionItems) = preProject
		src\UnClassify\declspecOrdinary.hpp = src\UnClassify\declspecOrdinary.hpp
		src\UnClassify\stdafx.h = src\UnClassify\stdafx.h
	EndProjectSection
EndProject
Project("{2150E333-8FDC-42A3-9474-1A3956D46DE8}") = "Common", "Common", "{EE179872-E91F-4A23-A946-F60D9264D54F}"
EndProject
Project("{8BC9CEB8-8B4A-11D0-8D11-00A0C91BC942}") = "utils", "librarys\Common\utils\utils.vcxproj", "{17984126-8AAF-4DAE-A7DC-8E0E314D6685}"
EndProject
Global
	GlobalSection(SolutionConfigurationPlatforms) = preSolution
		Debug|x64 = Debug|x64
		Debug|x86 = Debug|x86
		Release|x64 = Release|x64
		Release|x86 = Release|x86
	EndGlobalSection
	GlobalSection(ProjectConfigurationPlatforms) = postSolution
		{C220807B-8E07-431C-A473-DE4CDF6A2E51}.Debug|x64.ActiveCfg = Debug|x64
		{C220807B-8E07-431C-A473-DE4CDF6A2E51}.Debug|x64.Build.0 = Debug|x64
		{C220807B-8E07-431C-A473-DE4CDF6A2E51}.Debug|x86.ActiveCfg = Debug|x64
		{C220807B-8E07-431C-A473-DE4CDF6A2E51}.Debug|x86.Build.0 = Debug|x64
		{C220807B-8E07-431C-A473-DE4CDF6A2E51}.Release|x64.ActiveCfg = Debug|x64
		{C220807B-8E07-431C-A473-DE4CDF6A2E51}.Release|x64.Build.0 = Debug|x64
		{C220807B-8E07-431C-A473-DE4CDF6A2E51}.Release|x86.ActiveCfg = Debug|x64
		{C220807B-8E07-431C-A473-DE4CDF6A2E51}.Release|x86.Build.0 = Debug|x64
		{DDF3FD43-CE6D-4AE4-B54F-D3BA2C36B709}.Debug|x64.ActiveCfg = Debug|x64
		{DDF3FD43-CE6D-4AE4-B54F-D3BA2C36B709}.Debug|x64.Build.0 = Debug|x64
		{DDF3FD43-CE6D-4AE4-B54F-D3BA2C36B709}.Debug|x86.ActiveCfg = Debug|x64
		{DDF3FD43-CE6D-4AE4-B54F-D3BA2C36B709}.Debug|x86.Build.0 = Debug|x64
		{DDF3FD43-CE6D-4AE4-B54F-D3BA2C36B709}.Release|x64.ActiveCfg = Debug|x64
		{DDF3FD43-CE6D-4AE4-B54F-D3BA2C36B709}.Release|x64.Build.0 = Debug|x64
		{DDF3FD43-CE6D-4AE4-B54F-D3BA2C36B709}.Release|x86.ActiveCfg = Debug|x64
		{DDF3FD43-CE6D-4AE4-B54F-D3BA2C36B709}.Release|x86.Build.0 = Debug|x64
		{C151BDC5-F3B4-45D1-A56F-2AA315A6460C}.Debug|x64.ActiveCfg = Debug|x64
		{C151BDC5-F3B4-45D1-A56F-2AA315A6460C}.Debug|x64.Build.0 = Debug|x64
		{C151BDC5-F3B4-45D1-A56F-2AA315A6460C}.Debug|x86.ActiveCfg = Debug|Win32
		{C151BDC5-F3B4-45D1-A56F-2AA315A6460C}.Debug|x86.Build.0 = Debug|Win32
		{C151BDC5-F3B4-45D1-A56F-2AA315A6460C}.Release|x64.ActiveCfg = Release|x64
		{C151BDC5-F3B4-45D1-A56F-2AA315A6460C}.Release|x64.Build.0 = Release|x64
		{C151BDC5-F3B4-45D1-A56F-2AA315A6460C}.Release|x86.ActiveCfg = Release|Win32
		{C151BDC5-F3B4-45D1-A56F-2AA315A6460C}.Release|x86.Build.0 = Release|Win32
		{12FB2316-FF39-4E03-8366-A7E2D05062D5}.Debug|x64.ActiveCfg = Debug|x64
		{12FB2316-FF39-4E03-8366-A7E2D05062D5}.Debug|x64.Build.0 = Debug|x64
		{12FB2316-FF39-4E03-8366-A7E2D05062D5}.Debug|x86.ActiveCfg = Debug|Win32
		{12FB2316-FF39-4E03-8366-A7E2D05062D5}.Debug|x86.Build.0 = Debug|Win32
		{12FB2316-FF39-4E03-8366-A7E2D05062D5}.Release|x64.ActiveCfg = Release|x64
		{12FB2316-FF39-4E03-8366-A7E2D05062D5}.Release|x64.Build.0 = Release|x64
		{12FB2316-FF39-4E03-8366-A7E2D05062D5}.Release|x86.ActiveCfg = Release|Win32
		{12FB2316-FF39-4E03-8366-A7E2D05062D5}.Release|x86.Build.0 = Release|Win32
		{C5603002-7084-4F40-BF83-2ABA4F3686F5}.Debug|x64.ActiveCfg = Debug|x64
		{C5603002-7084-4F40-BF83-2ABA4F3686F5}.Debug|x64.Build.0 = Debug|x64
		{C5603002-7084-4F40-BF83-2ABA4F3686F5}.Debug|x86.ActiveCfg = Debug|Win32
		{C5603002-7084-4F40-BF83-2ABA4F3686F5}.Debug|x86.Build.0 = Debug|Win32
		{C5603002-7084-4F40-BF83-2ABA4F3686F5}.Release|x64.ActiveCfg = Release|x64
		{C5603002-7084-4F40-BF83-2ABA4F3686F5}.Release|x64.Build.0 = Release|x64
		{C5603002-7084-4F40-BF83-2ABA4F3686F5}.Release|x86.ActiveCfg = Release|Win32
		{C5603002-7084-4F40-BF83-2ABA4F3686F5}.Release|x86.Build.0 = Release|Win32
		{6C06E6F7-7EC9-4989-9DB3-B33ABEF159FA}.Debug|x64.ActiveCfg = Debug|x64
		{6C06E6F7-7EC9-4989-9DB3-B33ABEF159FA}.Debug|x64.Build.0 = Debug|x64
		{6C06E6F7-7EC9-4989-9DB3-B33ABEF159FA}.Debug|x86.ActiveCfg = Debug|Win32
		{6C06E6F7-7EC9-4989-9DB3-B33ABEF159FA}.Debug|x86.Build.0 = Debug|Win32
		{6C06E6F7-7EC9-4989-9DB3-B33ABEF159FA}.Release|x64.ActiveCfg = Release|x64
		{6C06E6F7-7EC9-4989-9DB3-B33ABEF159FA}.Release|x64.Build.0 = Release|x64
		{6C06E6F7-7EC9-4989-9DB3-B33ABEF159FA}.Release|x86.ActiveCfg = Release|Win32
		{6C06E6F7-7EC9-4989-9DB3-B33ABEF159FA}.Release|x86.Build.0 = Release|Win32
		{17984126-8AAF-4DAE-A7DC-8E0E314D6685}.Debug|x64.ActiveCfg = Debug|x64
		{17984126-8AAF-4DAE-A7DC-8E0E314D6685}.Debug|x64.Build.0 = Debug|x64
		{17984126-8AAF-4DAE-A7DC-8E0E314D6685}.Debug|x86.ActiveCfg = Debug|Win32
		{17984126-8AAF-4DAE-A7DC-8E0E314D6685}.Debug|x86.Build.0 = Debug|Win32
		{17984126-8AAF-4DAE-A7DC-8E0E314D6685}.Release|x64.ActiveCfg = Release|x64
		{17984126-8AAF-4DAE-A7DC-8E0E314D6685}.Release|x64.Build.0 = Release|x64
		{17984126-8AAF-4DAE-A7DC-8E0E314D6685}.Release|x86.ActiveCfg = Release|Win32
		{17984126-8AAF-4DAE-A7DC-8E0E314D6685}.Release|x86.Build.0 = Release|Win32
	EndGlobalSection
	GlobalSection(SolutionProperties) = preSolution
		HideSolutionNode = FALSE
	EndGlobalSection
	GlobalSection(NestedProjects) = preSolution
		{49B569D7-66CD-4093-9464-1CC679654170} = {6D21FEB6-82DA-4BED-9518-F6D9B4696852}
		{3B366787-F95C-49D8-990D-F1C5905DC35E} = {6D21FEB6-82DA-4BED-9518-F6D9B4696852}
		{34FCF66A-83F5-4CAD-9F4E-DF59D6588D42} = {6D21FEB6-82DA-4BED-9518-F6D9B4696852}
		{DDF3FD43-CE6D-4AE4-B54F-D3BA2C36B709} = {49B569D7-66CD-4093-9464-1CC679654170}
		{C151BDC5-F3B4-45D1-A56F-2AA315A6460C} = {8BD0ADFC-198C-4AF8-98CB-C2FD399B36B3}
		{12FB2316-FF39-4E03-8366-A7E2D05062D5} = {49B569D7-66CD-4093-9464-1CC679654170}
		{71B50901-6671-4ED7-8820-4089CB7C7A98} = {6D21FEB6-82DA-4BED-9518-F6D9B4696852}
		{C5603002-7084-4F40-BF83-2ABA4F3686F5} = {71B50901-6671-4ED7-8820-4089CB7C7A98}
		{6C06E6F7-7EC9-4989-9DB3-B33ABEF159FA} = {190A8FC8-65A3-4A06-BE76-AB709D56A0FD}
		{EE179872-E91F-4A23-A946-F60D9264D54F} = {6D21FEB6-82DA-4BED-9518-F6D9B4696852}
		{17984126-8AAF-4DAE-A7DC-8E0E314D6685} = {EE179872-E91F-4A23-A946-F60D9264D54F}
	EndGlobalSection
	GlobalSection(ExtensibilityGlobals) = postSolution
		SolutionGuid = {D786DCA3-081B-4BB6-87ED-175143956142}
	EndGlobalSection
EndGlobal
